
Microsoft Visual Studio Solution File, Format Version 12.00
# Visual Studio Version 17
VisualStudioVersion = 17.9.34622.214
MinimumVisualStudioVersion = 10.0.40219.1
Project("{FAE04EC0-301F-11D3-BF4B-00C04F79EFBC}") = "threetierwithweb", "threetierwithweb\threetierwithweb.csproj", "{BB1F5602-63FF-4566-8737-F037C8750FFF}"
EndProject
Global
	GlobalSection(SolutionConfigurationPlatforms) = preSolution
		Debug|Any CPU = Debug|Any CPU
		Release|Any CPU = Release|Any CPU
	EndGlobalSection
	GlobalSection(ProjectConfigurationPlatforms) = postSolution
		{BB1F5602-63FF-4566-8737-F037C8750FFF}.Debug|Any CPU.ActiveCfg = Debug|Any CPU
		{BB1F5602-63FF-4566-8737-F037C8750FFF}.Debug|Any CPU.Build.0 = Debug|Any CPU
		{BB1F5602-63FF-4566-8737-F037C8750FFF}.Release|Any CPU.ActiveCfg = Release|Any CPU
		{BB1F5602-63FF-4566-8737-F037C8750FFF}.Release|Any CPU.Build.0 = Release|Any CPU
	EndGlobalSection
	GlobalSection(SolutionProperties) = preSolution
		HideSolutionNode = FALSE
	EndGlobalSection
	GlobalSection(ExtensibilityGlobals) = postSolution
		SolutionGuid = {412C678D-CF35-4407-ABE7-77AC90B8458D}
	EndGlobalSection
EndGlobal
